
Microsoft Visual Studio Solution File, Format Version 12.00
# Visual Studio 15
VisualStudioVersion = 15.0.26430.16
MinimumVisualStudioVersion = 10.0.40219.1
Project("{FAE04EC0-301F-11D3-BF4B-00C04F79EFBC}") = "Where", "Where_Simple_1\Where.csproj", "{F796FE3A-7812-47C3-B98A-683D6E51B91C}"
EndProject
Project("{FAE04EC0-301F-11D3-BF4B-00C04F79EFBC}") = "Select", "Select\Select.csproj", "{5C31F453-9B28-4C52-8FB4-5DC20EE37163}"
EndProject
Project("{FAE04EC0-301F-11D3-BF4B-00C04F79EFBC}") = "ClassLibrary", "ClassLibrary\ClassLibrary.csproj", "{9CD30A75-7A16-471D-9904-B3D190A42D4F}"
EndProject
Project("{FAE04EC0-301F-11D3-BF4B-00C04F79EFBC}") = "Take", "Take\Take.csproj", "{14E96EAA-2D72-459D-900E-75A775488BC8}"
EndProject
Project("{FAE04EC0-301F-11D3-BF4B-00C04F79EFBC}") = "Skip", "Skip\Skip.csproj", "{06DBF0D0-8DCD-4A83-AF33-0596CC95E471}"
EndProject
Project("{FAE04EC0-301F-11D3-BF4B-00C04F79EFBC}") = "TakeWhile", "TakeWhile\TakeWhile.csproj", "{1B024935-ACED-44CC-AEF1-57BB8576B714}"
EndProject
Project("{FAE04EC0-301F-11D3-BF4B-00C04F79EFBC}") = "SkipWhile", "SkipWhile\SkipWhile.csproj", "{2B6B30DC-F38A-4992-8701-EFDDB4513231}"
EndProject
Project("{FAE04EC0-301F-11D3-BF4B-00C04F79EFBC}") = "OrderBy", "OrderBy\OrderBy.csproj", "{BBEE40B6-6E3C-4656-AE00-773DC28B1251}"
EndProject
Project("{FAE04EC0-301F-11D3-BF4B-00C04F79EFBC}") = "ThenBy", "ThenBy\ThenBy.csproj", "{C845FAFA-71CC-406B-8517-4055C9E9E827}"
EndProject
Project("{FAE04EC0-301F-11D3-BF4B-00C04F79EFBC}") = "Reverse", "Reverse\Reverse.csproj", "{ACBAFF31-1907-42EB-80B8-F378044B3223}"
EndProject
Project("{FAE04EC0-301F-11D3-BF4B-00C04F79EFBC}") = "GroupBy", "GroupBy\GroupBy.csproj", "{E2094313-5D1A-4D61-B906-AAE0A1122F1F}"
EndProject
Project("{FAE04EC0-301F-11D3-BF4B-00C04F79EFBC}") = "Distinct", "Distinct\Distinct.csproj", "{01BB7C03-39DD-4043-945C-FE0ED00610F7}"
EndProject
Project("{FAE04EC0-301F-11D3-BF4B-00C04F79EFBC}") = "Union", "Union\Union.csproj", "{DBD2F6D0-617F-44B3-B34F-21FB8E796FDF}"
EndProject
Project("{FAE04EC0-301F-11D3-BF4B-00C04F79EFBC}") = "Intersect", "Intersect\Intersect.csproj", "{039A83C4-FBED-4317-98CB-BEB35AE0B75E}"
EndProject
Project("{FAE04EC0-301F-11D3-BF4B-00C04F79EFBC}") = "Except", "Except\Except.csproj", "{DD4CE8B0-38B8-46DB-8BDF-8F0DFC4AA9D1}"
EndProject
Project("{FAE04EC0-301F-11D3-BF4B-00C04F79EFBC}") = "Conversion", "Conversion\Conversion.csproj", "{3060C0ED-16B6-499B-BAC7-592912682732}"
EndProject
Project("{FAE04EC0-301F-11D3-BF4B-00C04F79EFBC}") = "Element", "Element\Element.csproj", "{EB79DFD5-9A3D-4984-AEDA-AC7CC7D1FC1E}"
EndProject
Project("{FAE04EC0-301F-11D3-BF4B-00C04F79EFBC}") = "Generation", "Generation\Generation.csproj", "{2A3896F5-F205-429C-B2EC-A62AFEB5DF88}"
EndProject
Project("{FAE04EC0-301F-11D3-BF4B-00C04F79EFBC}") = "Any", "Any\Any.csproj", "{C20F34AD-D238-46D7-AFE4-944EE57A7E65}"
EndProject
Project("{FAE04EC0-301F-11D3-BF4B-00C04F79EFBC}") = "All", "All\All.csproj", "{B0B85939-53D0-4BAF-971A-D7BCD6F76F5E}"
EndProject
Project("{FAE04EC0-301F-11D3-BF4B-00C04F79EFBC}") = "Count", "Count\Count.csproj", "{E9FF2930-8C25-4958-8B09-A22BA1878799}"
EndProject
Project("{FAE04EC0-301F-11D3-BF4B-00C04F79EFBC}") = "Sum", "Sum\Sum.csproj", "{367B1577-9A6B-4500-90EE-4E6C40357DD6}"
EndProject
Project("{FAE04EC0-301F-11D3-BF4B-00C04F79EFBC}") = "Min", "Min\Min.csproj", "{E3704C29-8074-4C82-B60D-5D1FDA93513C}"
EndProject
Project("{FAE04EC0-301F-11D3-BF4B-00C04F79EFBC}") = "Max", "Max\Max.csproj", "{A19C1490-3301-414F-84C0-66E4B898570A}"
EndProject
Project("{FAE04EC0-301F-11D3-BF4B-00C04F79EFBC}") = "Average", "Average\Average.csproj", "{A4562044-B319-4553-A30A-82C1A52930F8}"
EndProject
Project("{FAE04EC0-301F-11D3-BF4B-00C04F79EFBC}") = "Aggregate", "Aggregate\Aggregate.csproj", "{DB496DFA-8744-452F-B48F-B4A080EBD112}"
EndProject
Project("{FAE04EC0-301F-11D3-BF4B-00C04F79EFBC}") = "Concat", "Concat\Concat.csproj", "{06ADBD9B-6725-4856-9EC0-C1A8C4D149D2}"
EndProject
Project("{FAE04EC0-301F-11D3-BF4B-00C04F79EFBC}") = "EqualAll", "EqualAll\EqualAll.csproj", "{F754465F-E0B3-4C93-9EC8-D14C8027A1C8}"
EndProject
Project("{FAE04EC0-301F-11D3-BF4B-00C04F79EFBC}") = "Combine", "Combine\Combine.csproj", "{FC293AA7-4CC0-4B6F-BAAA-A0A10FDE0A29}"
EndProject
Project("{FAE04EC0-301F-11D3-BF4B-00C04F79EFBC}") = "QueryExecution", "QueryExecution\QueryExecution.csproj", "{487C4804-D58C-46D3-8D40-3478A4E371C1}"
EndProject
Project("{FAE04EC0-301F-11D3-BF4B-00C04F79EFBC}") = "Join", "Join\Join.csproj", "{DE554500-A856-4B69-8FE8-746658D4C2FB}"
EndProject
Global
	GlobalSection(SolutionConfigurationPlatforms) = preSolution
		Debug|Any CPU = Debug|Any CPU
		Release|Any CPU = Release|Any CPU
	EndGlobalSection
	GlobalSection(ProjectConfigurationPlatforms) = postSolution
		{F796FE3A-7812-47C3-B98A-683D6E51B91C}.Debug|Any CPU.ActiveCfg = Debug|Any CPU
		{F796FE3A-7812-47C3-B98A-683D6E51B91C}.Debug|Any CPU.Build.0 = Debug|Any CPU
		{F796FE3A-7812-47C3-B98A-683D6E51B91C}.Release|Any CPU.ActiveCfg = Release|Any CPU
		{F796FE3A-7812-47C3-B98A-683D6E51B91C}.Release|Any CPU.Build.0 = Release|Any CPU
		{5C31F453-9B28-4C52-8FB4-5DC20EE37163}.Debug|Any CPU.ActiveCfg = Debug|Any CPU
		{5C31F453-9B28-4C52-8FB4-5DC20EE37163}.Debug|Any CPU.Build.0 = Debug|Any CPU
		{5C31F453-9B28-4C52-8FB4-5DC20EE37163}.Release|Any CPU.ActiveCfg = Release|Any CPU
		{5C31F453-9B28-4C52-8FB4-5DC20EE37163}.Release|Any CPU.Build.0 = Release|Any CPU
		{9CD30A75-7A16-471D-9904-B3D190A42D4F}.Debug|Any CPU.ActiveCfg = Debug|Any CPU
		{9CD30A75-7A16-471D-9904-B3D190A42D4F}.Debug|Any CPU.Build.0 = Debug|Any CPU
		{9CD30A75-7A16-471D-9904-B3D190A42D4F}.Release|Any CPU.ActiveCfg = Release|Any CPU
		{9CD30A75-7A16-471D-9904-B3D190A42D4F}.Release|Any CPU.Build.0 = Release|Any CPU
		{14E96EAA-2D72-459D-900E-75A775488BC8}.Debug|Any CPU.ActiveCfg = Debug|Any CPU
		{14E96EAA-2D72-459D-900E-75A775488BC8}.Debug|Any CPU.Build.0 = Debug|Any CPU
		{14E96EAA-2D72-459D-900E-75A775488BC8}.Release|Any CPU.ActiveCfg = Release|Any CPU
		{14E96EAA-2D72-459D-900E-75A775488BC8}.Release|Any CPU.Build.0 = Release|Any CPU
		{06DBF0D0-8DCD-4A83-AF33-0596CC95E471}.Debug|Any CPU.ActiveCfg = Debug|Any CPU
		{06DBF0D0-8DCD-4A83-AF33-0596CC95E471}.Debug|Any CPU.Build.0 = Debug|Any CPU
		{06DBF0D0-8DCD-4A83-AF33-0596CC95E471}.Release|Any CPU.ActiveCfg = Release|Any CPU
		{06DBF0D0-8DCD-4A83-AF33-0596CC95E471}.Release|Any CPU.Build.0 = Release|Any CPU
		{1B024935-ACED-44CC-AEF1-57BB8576B714}.Debug|Any CPU.ActiveCfg = Debug|Any CPU
		{1B024935-ACED-44CC-AEF1-57BB8576B714}.Debug|Any CPU.Build.0 = Debug|Any CPU
		{1B024935-ACED-44CC-AEF1-57BB8576B714}.Release|Any CPU.ActiveCfg = Release|Any CPU
		{1B024935-ACED-44CC-AEF1-57BB8576B714}.Release|Any CPU.Build.0 = Release|Any CPU
		{2B6B30DC-F38A-4992-8701-EFDDB4513231}.Debug|Any CPU.ActiveCfg = Debug|Any CPU
		{2B6B30DC-F38A-4992-8701-EFDDB4513231}.Debug|Any CPU.Build.0 = Debug|Any CPU
		{2B6B30DC-F38A-4992-8701-EFDDB4513231}.Release|Any CPU.ActiveCfg = Release|Any CPU
		{2B6B30DC-F38A-4992-8701-EFDDB4513231}.Release|Any CPU.Build.0 = Release|Any CPU
		{BBEE40B6-6E3C-4656-AE00-773DC28B1251}.Debug|Any CPU.ActiveCfg = Debug|Any CPU
		{BBEE40B6-6E3C-4656-AE00-773DC28B1251}.Debug|Any CPU.Build.0 = Debug|Any CPU
		{BBEE40B6-6E3C-4656-AE00-773DC28B1251}.Release|Any CPU.ActiveCfg = Release|Any CPU
		{BBEE40B6-6E3C-4656-AE00-773DC28B1251}.Release|Any CPU.Build.0 = Release|Any CPU
		{C845FAFA-71CC-406B-8517-4055C9E9E827}.Debug|Any CPU.ActiveCfg = Debug|Any CPU
		{C845FAFA-71CC-406B-8517-4055C9E9E827}.Debug|Any CPU.Build.0 = Debug|Any CPU
		{C845FAFA-71CC-406B-8517-4055C9E9E827}.Release|Any CPU.ActiveCfg = Release|Any CPU
		{C845FAFA-71CC-406B-8517-4055C9E9E827}.Release|Any CPU.Build.0 = Release|Any CPU
		{ACBAFF31-1907-42EB-80B8-F378044B3223}.Debug|Any CPU.ActiveCfg = Debug|Any CPU
		{ACBAFF31-1907-42EB-80B8-F378044B3223}.Debug|Any CPU.Build.0 = Debug|Any CPU
		{ACBAFF31-1907-42EB-80B8-F378044B3223}.Release|Any CPU.ActiveCfg = Release|Any CPU
		{ACBAFF31-1907-42EB-80B8-F378044B3223}.Release|Any CPU.Build.0 = Release|Any CPU
		{E2094313-5D1A-4D61-B906-AAE0A1122F1F}.Debug|Any CPU.ActiveCfg = Debug|Any CPU
		{E2094313-5D1A-4D61-B906-AAE0A1122F1F}.Debug|Any CPU.Build.0 = Debug|Any CPU
		{E2094313-5D1A-4D61-B906-AAE0A1122F1F}.Release|Any CPU.ActiveCfg = Release|Any CPU
		{E2094313-5D1A-4D61-B906-AAE0A1122F1F}.Release|Any CPU.Build.0 = Release|Any CPU
		{01BB7C03-39DD-4043-945C-FE0ED00610F7}.Debug|Any CPU.ActiveCfg = Debug|Any CPU
		{01BB7C03-39DD-4043-945C-FE0ED00610F7}.Debug|Any CPU.Build.0 = Debug|Any CPU
		{01BB7C03-39DD-4043-945C-FE0ED00610F7}.Release|Any CPU.ActiveCfg = Release|Any CPU
		{01BB7C03-39DD-4043-945C-FE0ED00610F7}.Release|Any CPU.Build.0 = Release|Any CPU
		{DBD2F6D0-617F-44B3-B34F-21FB8E796FDF}.Debug|Any CPU.ActiveCfg = Debug|Any CPU
		{DBD2F6D0-617F-44B3-B34F-21FB8E796FDF}.Debug|Any CPU.Build.0 = Debug|Any CPU
		{DBD2F6D0-617F-44B3-B34F-21FB8E796FDF}.Release|Any CPU.ActiveCfg = Release|Any CPU
		{DBD2F6D0-617F-44B3-B34F-21FB8E796FDF}.Release|Any CPU.Build.0 = Release|Any CPU
		{039A83C4-FBED-4317-98CB-BEB35AE0B75E}.Debug|Any CPU.ActiveCfg = Debug|Any CPU
		{039A83C4-FBED-4317-98CB-BEB35AE0B75E}.Debug|Any CPU.Build.0 = Debug|Any CPU
		{039A83C4-FBED-4317-98CB-BEB35AE0B75E}.Release|Any CPU.ActiveCfg = Release|Any CPU
		{039A83C4-FBED-4317-98CB-BEB35AE0B75E}.Release|Any CPU.Build.0 = Release|Any CPU
		{DD4CE8B0-38B8-46DB-8BDF-8F0DFC4AA9D1}.Debug|Any CPU.ActiveCfg = Debug|Any CPU
		{DD4CE8B0-38B8-46DB-8BDF-8F0DFC4AA9D1}.Debug|Any CPU.Build.0 = Debug|Any CPU
		{DD4CE8B0-38B8-46DB-8BDF-8F0DFC4AA9D1}.Release|Any CPU.ActiveCfg = Release|Any CPU
		{DD4CE8B0-38B8-46DB-8BDF-8F0DFC4AA9D1}.Release|Any CPU.Build.0 = Release|Any CPU
		{3060C0ED-16B6-499B-BAC7-592912682732}.Debug|Any CPU.ActiveCfg = Debug|Any CPU
		{3060C0ED-16B6-499B-BAC7-592912682732}.Debug|Any CPU.Build.0 = Debug|Any CPU
		{3060C0ED-16B6-499B-BAC7-592912682732}.Release|Any CPU.ActiveCfg = Release|Any CPU
		{3060C0ED-16B6-499B-BAC7-592912682732}.Release|Any CPU.Build.0 = Release|Any CPU
		{EB79DFD5-9A3D-4984-AEDA-AC7CC7D1FC1E}.Debug|Any CPU.ActiveCfg = Debug|Any CPU
		{EB79DFD5-9A3D-4984-AEDA-AC7CC7D1FC1E}.Debug|Any CPU.Build.0 = Debug|Any CPU
		{EB79DFD5-9A3D-4984-AEDA-AC7CC7D1FC1E}.Release|Any CPU.ActiveCfg = Release|Any CPU
		{EB79DFD5-9A3D-4984-AEDA-AC7CC7D1FC1E}.Release|Any CPU.Build.0 = Release|Any CPU
		{2A3896F5-F205-429C-B2EC-A62AFEB5DF88}.Debug|Any CPU.ActiveCfg = Debug|Any CPU
		{2A3896F5-F205-429C-B2EC-A62AFEB5DF88}.Debug|Any CPU.Build.0 = Debug|Any CPU
		{2A3896F5-F205-429C-B2EC-A62AFEB5DF88}.Release|Any CPU.ActiveCfg = Release|Any CPU
		{2A3896F5-F205-429C-B2EC-A62AFEB5DF88}.Release|Any CPU.Build.0 = Release|Any CPU
		{C20F34AD-D238-46D7-AFE4-944EE57A7E65}.Debug|Any CPU.ActiveCfg = Debug|Any CPU
		{C20F34AD-D238-46D7-AFE4-944EE57A7E65}.Debug|Any CPU.Build.0 = Debug|Any CPU
		{C20F34AD-D238-46D7-AFE4-944EE57A7E65}.Release|Any CPU.ActiveCfg = Release|Any CPU
		{C20F34AD-D238-46D7-AFE4-944EE57A7E65}.Release|Any CPU.Build.0 = Release|Any CPU
		{B0B85939-53D0-4BAF-971A-D7BCD6F76F5E}.Debug|Any CPU.ActiveCfg = Debug|Any CPU
		{B0B85939-53D0-4BAF-971A-D7BCD6F76F5E}.Debug|Any CPU.Build.0 = Debug|Any CPU
		{B0B85939-53D0-4BAF-971A-D7BCD6F76F5E}.Release|Any CPU.ActiveCfg = Release|Any CPU
		{B0B85939-53D0-4BAF-971A-D7BCD6F76F5E}.Release|Any CPU.Build.0 = Release|Any CPU
		{E9FF2930-8C25-4958-8B09-A22BA1878799}.Debug|Any CPU.ActiveCfg = Debug|Any CPU
		{E9FF2930-8C25-4958-8B09-A22BA1878799}.Debug|Any CPU.Build.0 = Debug|Any CPU
		{E9FF2930-8C25-4958-8B09-A22BA1878799}.Release|Any CPU.ActiveCfg = Release|Any CPU
		{E9FF2930-8C25-4958-8B09-A22BA1878799}.Release|Any CPU.Build.0 = Release|Any CPU
		{367B1577-9A6B-4500-90EE-4E6C40357DD6}.Debug|Any CPU.ActiveCfg = Debug|Any CPU
		{367B1577-9A6B-4500-90EE-4E6C40357DD6}.Debug|Any CPU.Build.0 = Debug|Any CPU
		{367B1577-9A6B-4500-90EE-4E6C40357DD6}.Release|Any CPU.ActiveCfg = Release|Any CPU
		{367B1577-9A6B-4500-90EE-4E6C40357DD6}.Release|Any CPU.Build.0 = Release|Any CPU
		{E3704C29-8074-4C82-B60D-5D1FDA93513C}.Debug|Any CPU.ActiveCfg = Debug|Any CPU
		{E3704C29-8074-4C82-B60D-5D1FDA93513C}.Debug|Any CPU.Build.0 = Debug|Any CPU
		{E3704C29-8074-4C82-B60D-5D1FDA93513C}.Release|Any CPU.ActiveCfg = Release|Any CPU
		{E3704C29-8074-4C82-B60D-5D1FDA93513C}.Release|Any CPU.Build.0 = Release|Any CPU
		{A19C1490-3301-414F-84C0-66E4B898570A}.Debug|Any CPU.ActiveCfg = Debug|Any CPU
		{A19C1490-3301-414F-84C0-66E4B898570A}.Debug|Any CPU.Build.0 = Debug|Any CPU
		{A19C1490-3301-414F-84C0-66E4B898570A}.Release|Any CPU.ActiveCfg = Release|Any CPU
		{A19C1490-3301-414F-84C0-66E4B898570A}.Release|Any CPU.Build.0 = Release|Any CPU
		{A4562044-B319-4553-A30A-82C1A52930F8}.Debug|Any CPU.ActiveCfg = Debug|Any CPU
		{A4562044-B319-4553-A30A-82C1A52930F8}.Debug|Any CPU.Build.0 = Debug|Any CPU
		{A4562044-B319-4553-A30A-82C1A52930F8}.Release|Any CPU.ActiveCfg = Release|Any CPU
		{A4562044-B319-4553-A30A-82C1A52930F8}.Release|Any CPU.Build.0 = Release|Any CPU
		{DB496DFA-8744-452F-B48F-B4A080EBD112}.Debug|Any CPU.ActiveCfg = Debug|Any CPU
		{DB496DFA-8744-452F-B48F-B4A080EBD112}.Debug|Any CPU.Build.0 = Debug|Any CPU
		{DB496DFA-8744-452F-B48F-B4A080EBD112}.Release|Any CPU.ActiveCfg = Release|Any CPU
		{DB496DFA-8744-452F-B48F-B4A080EBD112}.Release|Any CPU.Build.0 = Release|Any CPU
		{06ADBD9B-6725-4856-9EC0-C1A8C4D149D2}.Debug|Any CPU.ActiveCfg = Debug|Any CPU
		{06ADBD9B-6725-4856-9EC0-C1A8C4D149D2}.Debug|Any CPU.Build.0 = Debug|Any CPU
		{06ADBD9B-6725-4856-9EC0-C1A8C4D149D2}.Release|Any CPU.ActiveCfg = Release|Any CPU
		{06ADBD9B-6725-4856-9EC0-C1A8C4D149D2}.Release|Any CPU.Build.0 = Release|Any CPU
		{F754465F-E0B3-4C93-9EC8-D14C8027A1C8}.Debug|Any CPU.ActiveCfg = Debug|Any CPU
		{F754465F-E0B3-4C93-9EC8-D14C8027A1C8}.Debug|Any CPU.Build.0 = Debug|Any CPU
		{F754465F-E0B3-4C93-9EC8-D14C8027A1C8}.Release|Any CPU.ActiveCfg = Release|Any CPU
		{F754465F-E0B3-4C93-9EC8-D14C8027A1C8}.Release|Any CPU.Build.0 = Release|Any CPU
		{FC293AA7-4CC0-4B6F-BAAA-A0A10FDE0A29}.Debug|Any CPU.ActiveCfg = Debug|Any CPU
		{FC293AA7-4CC0-4B6F-BAAA-A0A10FDE0A29}.Debug|Any CPU.Build.0 = Debug|Any CPU
		{FC293AA7-4CC0-4B6F-BAAA-A0A10FDE0A29}.Release|Any CPU.ActiveCfg = Release|Any CPU
		{FC293AA7-4CC0-4B6F-BAAA-A0A10FDE0A29}.Release|Any CPU.Build.0 = Release|Any CPU
		{487C4804-D58C-46D3-8D40-3478A4E371C1}.Debug|Any CPU.ActiveCfg = Debug|Any CPU
		{487C4804-D58C-46D3-8D40-3478A4E371C1}.Debug|Any CPU.Build.0 = Debug|Any CPU
		{487C4804-D58C-46D3-8D40-3478A4E371C1}.Release|Any CPU.ActiveCfg = Release|Any CPU
		{487C4804-D58C-46D3-8D40-3478A4E371C1}.Release|Any CPU.Build.0 = Release|Any CPU
		{DE554500-A856-4B69-8FE8-746658D4C2FB}.Debug|Any CPU.ActiveCfg = Debug|Any CPU
		{DE554500-A856-4B69-8FE8-746658D4C2FB}.Debug|Any CPU.Build.0 = Debug|Any CPU
		{DE554500-A856-4B69-8FE8-746658D4C2FB}.Release|Any CPU.ActiveCfg = Release|Any CPU
		{DE554500-A856-4B69-8FE8-746658D4C2FB}.Release|Any CPU.Build.0 = Release|Any CPU
	EndGlobalSection
	GlobalSection(SolutionProperties) = preSolution
		HideSolutionNode = FALSE
	EndGlobalSection
EndGlobal
